
Microsoft Visual Studio Solution File, Format Version 12.00
# Visual Studio Version 17
VisualStudioVersion = 17.10.34902.84
MinimumVisualStudioVersion = 10.0.40219.1
Project("{FAE04EC0-301F-11D3-BF4B-00C04F79EFBC}") = "WaterShop.Web", "WaterShop.Web\WaterShop.Web.csproj", "{F5CC02BB-65B1-4FED-9269-EFC1A1600F01}"
EndProject
Global
	GlobalSection(SolutionConfigurationPlatforms) = preSolution
		Debug|Any CPU = Debug|Any CPU
		Release|Any CPU = Release|Any CPU
	EndGlobalSection
	GlobalSection(ProjectConfigurationPlatforms) = postSolution
		{F5CC02BB-65B1-4FED-9269-EFC1A1600F01}.Debug|Any CPU.ActiveCfg = Debug|Any CPU
		{F5CC02BB-65B1-4FED-9269-EFC1A1600F01}.Debug|Any CPU.Build.0 = Debug|Any CPU
		{F5CC02BB-65B1-4FED-9269-EFC1A1600F01}.Release|Any CPU.ActiveCfg = Release|Any CPU
		{F5CC02BB-65B1-4FED-9269-EFC1A1600F01}.Release|Any CPU.Build.0 = Release|Any CPU
	EndGlobalSection
	GlobalSection(SolutionProperties) = preSolution
		HideSolutionNode = FALSE
	EndGlobalSection
	GlobalSection(ExtensibilityGlobals) = postSolution
		SolutionGuid = {CD62E19D-0E2E-473D-982A-C6A58B1615FA}
	EndGlobalSection
EndGlobal
